// !$*UTF8*$!
{
	archiveVersion = 1;
	classes = {
	};
	objectVersion = 50;
	objects = {

/* Begin PBXBuildFile section */
		18D51FC923E2E1C4009E7E59 /* AppDelegate.swift in Sources */ = {isa = PBXBuildFile; fileRef = 18D51FC823E2E1C4009E7E59 /* AppDelegate.swift */; };
		18D51FCB23E2E1C4009E7E59 /* SceneDelegate.swift in Sources */ = {isa = PBXBuildFile; fileRef = 18D51FCA23E2E1C4009E7E59 /* SceneDelegate.swift */; };
		18D51FCD23E2E1C4009E7E59 /* ViewController.swift in Sources */ = {isa = PBXBuildFile; fileRef = 18D51FCC23E2E1C4009E7E59 /* ViewController.swift */; };
		18D51FD023E2E1C4009E7E59 /* Main.storyboard in Resources */ = {isa = PBXBuildFile; fileRef = 18D51FCE23E2E1C4009E7E59 /* Main.storyboard */; };
		18D51FD223E2E1C6009E7E59 /* Assets.xcassets in Resources */ = {isa = PBXBuildFile; fileRef = 18D51FD123E2E1C6009E7E59 /* Assets.xcassets */; };
		18D51FD523E2E1C6009E7E59 /* LaunchScreen.storyboard in Resources */ = {isa = PBXBuildFile; fileRef = 18D51FD323E2E1C6009E7E59 /* LaunchScreen.storyboard */; };
		CE7DF9F533259427EFF76290 /* Pods_Akamofire.framework in Frameworks */ = {isa = PBXBuildFile; fileRef = E8DC672A872D9AF8F9187022 /* Pods_Akamofire.framework */; };
/* End PBXBuildFile section */

/* Begin PBXFileReference section */
		11172BC913819FCC08222E5C /* Pods-Akamofire.debug.xcconfig */ = {isa = PBXFileReference; includeInIndex = 1; lastKnownFileType = text.xcconfig; name = "Pods-Akamofire.debug.xcconfig"; path = "Target Support Files/Pods-Akamofire/Pods-Akamofire.debug.xcconfig"; sourceTree = "<group>"; };
		18D51FC523E2E1C4009E7E59 /* Akamofire.app */ = {isa = PBXFileReference; explicitFileType = wrapper.application; includeInIndex = 0; path = Akamofire.app; sourceTree = BUILT_PRODUCTS_DIR; };
		18D51FC823E2E1C4009E7E59 /* AppDelegate.swift */ = {isa = PBXFileReference; lastKnownFileType = sourcecode.swift; path = AppDelegate.swift; sourceTree = "<group>"; };
		18D51FCA23E2E1C4009E7E59 /* SceneDelegate.swift */ = {isa = PBXFileReference; lastKnownFileType = sourcecode.swift; path = SceneDelegate.swift; sourceTree = "<group>"; };
		18D51FCC23E2E1C4009E7E59 /* ViewController.swift */ = {isa = PBXFileReference; lastKnownFileType = sourcecode.swift; path = ViewController.swift; sourceTree = "<group>"; };
		18D51FCF23E2E1C4009E7E59 /* Base */ = {isa = PBXFileReference; lastKnownFileType = file.storyboard; name = Base; path = Base.lproj/Main.storyboard; sourceTree = "<group>"; };
		18D51FD123E2E1C6009E7E59 /* Assets.xcassets */ = {isa = PBXFileReference; lastKnownFileType = folder.assetcatalog; path = Assets.xcassets; sourceTree = "<group>"; };
		18D51FD423E2E1C6009E7E59 /* Base */ = {isa = PBXFileReference; lastKnownFileType = file.storyboard; name = Base; path = Base.lproj/LaunchScreen.storyboard; sourceTree = "<group>"; };
		18D51FD623E2E1C6009E7E59 /* Info.plist */ = {isa = PBXFileReference; lastKnownFileType = text.plist.xml; path = Info.plist; sourceTree = "<group>"; };
		CCF702AD04CD6832C5DE273B /* Pods-Akamofire.release.xcconfig */ = {isa = PBXFileReference; includeInIndex = 1; lastKnownFileType = text.xcconfig; name = "Pods-Akamofire.release.xcconfig"; path = "Target Support Files/Pods-Akamofire/Pods-Akamofire.release.xcconfig"; sourceTree = "<group>"; };
		E8DC672A872D9AF8F9187022 /* Pods_Akamofire.framework */ = {isa = PBXFileReference; explicitFileType = wrapper.framework; includeInIndex = 0; path = Pods_Akamofire.framework; sourceTree = BUILT_PRODUCTS_DIR; };
/* End PBXFileReference section */

/* Begin PBXFrameworksBuildPhase section */
		18D51FC223E2E1C4009E7E59 /* Frameworks */ = {
			isa = PBXFrameworksBuildPhase;
			buildActionMask = 2147483647;
			files = (
				CE7DF9F533259427EFF76290 /* Pods_Akamofire.framework in Frameworks */,
			);
			runOnlyForDeploymentPostprocessing = 0;
		};
/* End PBXFrameworksBuildPhase section */

/* Begin PBXGroup section */
		18D51FBC23E2E1C4009E7E59 = {
			isa = PBXGroup;
			children = (
				18D51FC723E2E1C4009E7E59 /* Akamofire */,
				18D51FC623E2E1C4009E7E59 /* Products */,
				3D05840C1CB1BEE1200B9EEC /* Pods */,
				917AB20180470CA69329FC0C /* Frameworks */,
			);
			sourceTree = "<group>";
		};
		18D51FC623E2E1C4009E7E59 /* Products */ = {
			isa = PBXGroup;
			children = (
				18D51FC523E2E1C4009E7E59 /* Akamofire.app */,
			);
			name = Products;
			sourceTree = "<group>";
		};
		18D51FC723E2E1C4009E7E59 /* Akamofire */ = {
			isa = PBXGroup;
			children = (
				18D51FC823E2E1C4009E7E59 /* AppDelegate.swift */,
				18D51FCA23E2E1C4009E7E59 /* SceneDelegate.swift */,
				18D51FCC23E2E1C4009E7E59 /* ViewController.swift */,
				18D51FCE23E2E1C4009E7E59 /* Main.storyboard */,
				18D51FD123E2E1C6009E7E59 /* Assets.xcassets */,
				18D51FD323E2E1C6009E7E59 /* LaunchScreen.storyboard */,
				18D51FD623E2E1C6009E7E59 /* Info.plist */,
			);
			path = Akamofire;
			sourceTree = "<group>";
		};
		3D05840C1CB1BEE1200B9EEC /* Pods */ = {
			isa = PBXGroup;
			children = (
				11172BC913819FCC08222E5C /* Pods-Akamofire.debug.xcconfig */,
				CCF702AD04CD6832C5DE273B /* Pods-Akamofire.release.xcconfig */,
			);
			name = Pods;
			path = Pods;
			sourceTree = "<group>";
		};
		917AB20180470CA69329FC0C /* Frameworks */ = {
			isa = PBXGroup;
			children = (
				E8DC672A872D9AF8F9187022 /* Pods_Akamofire.framework */,
			);
			name = Frameworks;
			sourceTree = "<group>";
		};
/* End PBXGroup section */

/* Begin PBXNativeTarget section */
		18D51FC423E2E1C4009E7E59 /* Akamofire */ = {
			isa = PBXNativeTarget;
			buildConfigurationList = 18D51FD923E2E1C6009E7E59 /* Build configuration list for PBXNativeTarget "Akamofire" */;
			buildPhases = (
				F2E19FEEFC3B65549C81B490 /* [CP] Check Pods Manifest.lock */,
				18D51FC123E2E1C4009E7E59 /* Sources */,
				18D51FC223E2E1C4009E7E59 /* Frameworks */,
				18D51FC323E2E1C4009E7E59 /* Resources */,
				12633F43EED65F09B70388D0 /* [CP] Embed Pods Frameworks */,
			);
			buildRules = (
			);
			dependencies = (
			);
			name = Akamofire;
			productName = Akamofire;
			productReference = 18D51FC523E2E1C4009E7E59 /* Akamofire.app */;
			productType = "com.apple.product-type.application";
		};
/* End PBXNativeTarget section */

/* Begin PBXProject section */
		18D51FBD23E2E1C4009E7E59 /* Project object */ = {
			isa = PBXProject;
			attributes = {
				LastSwiftUpdateCheck = 1130;
				LastUpgradeCheck = 1130;
				ORGANIZATIONNAME = apple;
				TargetAttributes = {
					18D51FC423E2E1C4009E7E59 = {
						CreatedOnToolsVersion = 11.3.1;
					};
				};
			};
			buildConfigurationList = 18D51FC023E2E1C4009E7E59 /* Build configuration list for PBXProject "Akamofire" */;
			compatibilityVersion = "Xcode 9.3";
			developmentRegion = en;
			hasScannedForEncodings = 0;
			knownRegions = (
				en,
				Base,
			);
			mainGroup = 18D51FBC23E2E1C4009E7E59;
			productRefGroup = 18D51FC623E2E1C4009E7E59 /* Products */;
			projectDirPath = "";
			projectRoot = "";
			targets = (
				18D51FC423E2E1C4009E7E59 /* Akamofire */,
			);
		};
/* End PBXProject section */

/* Begin PBXResourcesBuildPhase section */
		18D51FC323E2E1C4009E7E59 /* Resources */ = {
			isa = PBXResourcesBuildPhase;
			buildActionMask = 2147483647;
			files = (
				18D51FD523E2E1C6009E7E59 /* LaunchScreen.storyboard in Resources */,
				18D51FD223E2E1C6009E7E59 /* Assets.xcassets in Resources */,
				18D51FD023E2E1C4009E7E59 /* Main.storyboard in Resources */,
			);
			runOnlyForDeploymentPostprocessing = 0;
		};
/* End PBXResourcesBuildPhase section */

/* Begin PBXShellScriptBuildPhase section */
		12633F43EED65F09B70388D0 /* [CP] Embed Pods Frameworks */ = {
			isa = PBXShellScriptBuildPhase;
			buildActionMask = 2147483647;
			files = (
			);
			inputFileListPaths = (
				"${PODS_ROOT}/Target Support Files/Pods-Akamofire/Pods-Akamofire-frameworks-${CONFIGURATION}-input-files.xcfilelist",
			);
			name = "[CP] Embed Pods Frameworks";
			outputFileListPaths = (
				"${PODS_ROOT}/Target Support Files/Pods-Akamofire/Pods-Akamofire-frameworks-${CONFIGURATION}-output-files.xcfilelist",
			);
			runOnlyForDeploymentPostprocessing = 0;
			shellPath = /bin/sh;
			shellScript = "\"${PODS_ROOT}/Target Support Files/Pods-Akamofire/Pods-Akamofire-frameworks.sh\"\n";
			showEnvVarsInLog = 0;
		};
		F2E19FEEFC3B65549C81B490 /* [CP] Check Pods Manifest.lock */ = {
			isa = PBXShellScriptBuildPhase;
			buildActionMask = 2147483647;
			files = (
			);
			inputFileListPaths = (
			);
			inputPaths = (
				"${PODS_PODFILE_DIR_PATH}/Podfile.lock",
				"${PODS_ROOT}/Manifest.lock",
			);
			name = "[CP] Check Pods Manifest.lock";
			outputFileListPaths = (
			);
			outputPaths = (
				"$(DERIVED_FILE_DIR)/Pods-Akamofire-checkManifestLockResult.txt",
			);
			runOnlyForDeploymentPostprocessing = 0;
			shellPath = /bin/sh;
			shellScript = "diff \"${PODS_PODFILE_DIR_PATH}/Podfile.lock\" \"${PODS_ROOT}/Manifest.lock\" > /dev/null\nif [ $? != 0 ] ; then\n    # print error to STDERR\n    echo \"error: The sandbox is not in sync with the Podfile.lock. Run 'pod install' or update your CocoaPods installation.\" >&2\n    exit 1\nfi\n# This output is used by Xcode 'outputs' to avoid re-running this script phase.\necho \"SUCCESS\" > \"${SCRIPT_OUTPUT_FILE_0}\"\n";
			showEnvVarsInLog = 0;
		};
/* End PBXShellScriptBuildPhase section */

/* Begin PBXSourcesBuildPhase section */
		18D51FC123E2E1C4009E7E59 /* Sources */ = {
			isa = PBXSourcesBuildPhase;
			buildActionMask = 2147483647;
			files = (
				18D51FCD23E2E1C4009E7E59 /* ViewController.swift in Sources */,
				18D51FC923E2E1C4009E7E59 /* AppDelegate.swift in Sources */,
				18D51FCB23E2E1C4009E7E59 /* SceneDelegate.swift in Sources */,
			);
			runOnlyForDeploymentPostprocessing = 0;
		};
/* End PBXSourcesBuildPhase section */

/* Begin PBXVariantGroup section */
		18D51FCE23E2E1C4009E7E59 /* Main.storyboard */ = {
			isa = PBXVariantGroup;
			children = (
				18D51FCF23E2E1C4009E7E59 /* Base */,
			);
			name = Main.storyboard;
			sourceTree = "<group>";
		};
		18D51FD323E2E1C6009E7E59 /* LaunchScreen.storyboard */ = {
			isa = PBXVariantGroup;
			children = (
				18D51FD423E2E1C6009E7E59 /* Base */,
			);
			name = LaunchScreen.storyboard;
			sourceTree = "<group>";
		};
/* End PBXVariantGroup section */

/* Begin XCBuildConfiguration section */
		18D51FD723E2E1C6009E7E59 /* Debug */ = {
			isa = XCBuildConfiguration;
			buildSettings = {
				ALWAYS_SEARCH_USER_PATHS = NO;
				CLANG_ANALYZER_NONNULL = YES;
				CLANG_ANALYZER_NUMBER_OBJECT_CONVERSION = YES_AGGRESSIVE;
				CLANG_CXX_LANGUAGE_STANDARD = "gnu++14";
				CLANG_CXX_LIBRARY = "libc++";
				CLANG_ENABLE_MODULES = YES;
				CLANG_ENABLE_OBJC_ARC = YES;
				CLANG_ENABLE_OBJC_WEAK = YES;
				CLANG_WARN_BLOCK_CAPTURE_AUTORELEASING = YES;
				CLANG_WARN_BOOL_CONVERSION = YES;
				CLANG_WARN_COMMA = YES;
				CLANG_WARN_CONSTANT_CONVERSION = YES;
				CLANG_WARN_DEPRECATED_OBJC_IMPLEMENTATIONS = YES;
				CLANG_WARN_DIRECT_OBJC_ISA_USAGE = YES_ERROR;
				CLANG_WARN_DOCUMENTATION_COMMENTS = YES;
				CLANG_WARN_EMPTY_BODY = YES;
				CLANG_WARN_ENUM_CONVERSION = YES;
				CLANG_WARN_INFINITE_RECURSION = YES;
				CLANG_WARN_INT_CONVERSION = YES;
				CLANG_WARN_NON_LITERAL_NULL_CONVERSION = YES;
				CLANG_WARN_OBJC_IMPLICIT_RETAIN_SELF = YES;
				CLANG_WARN_OBJC_LITERAL_CONVERSION = YES;
				CLANG_WARN_OBJC_ROOT_CLASS = YES_ERROR;
				CLANG_WARN_RANGE_LOOP_ANALYSIS = YES;
				CLANG_WARN_STRICT_PROTOTYPES = YES;
				CLANG_WARN_SUSPICIOUS_MOVE = YES;
				CLANG_WARN_UNGUARDED_AVAILABILITY = YES_AGGRESSIVE;
				CLANG_WARN_UNREACHABLE_CODE = YES;
				CLANG_WARN__DUPLICATE_METHOD_MATCH = YES;
				COPY_PHASE_STRIP = NO;
				DEBUG_INFORMATION_FORMAT = dwarf;
				ENABLE_STRICT_OBJC_MSGSEND = YES;
				ENABLE_TESTABILITY = YES;
				GCC_C_LANGUAGE_STANDARD = gnu11;
				GCC_DYNAMIC_NO_PIC = NO;
				GCC_NO_COMMON_BLOCKS = YES;
				GCC_OPTIMIZATION_LEVEL = 0;
				GCC_PREPROCESSOR_DEFINITIONS = (
					"DEBUG=1",
					"$(inherited)",
				);
				GCC_WARN_64_TO_32_BIT_CONVERSION = YES;
				GCC_WARN_ABOUT_RETURN_TYPE = YES_ERROR;
				GCC_WARN_UNDECLARED_SELECTOR = YES;
				GCC_WARN_UNINITIALIZED_AUTOS = YES_AGGRESSIVE;
				GCC_WARN_UNUSED_FUNCTION = YES;
				GCC_WARN_UNUSED_VARIABLE = YES;
				IPHONEOS_DEPLOYMENT_TARGET = 13.2;
				MTL_ENABLE_DEBUG_INFO = INCLUDE_SOURCE;
				MTL_FAST_MATH = YES;
				ONLY_ACTIVE_ARCH = YES;
				SDKROOT = iphoneos;
				SWIFT_ACTIVE_COMPILATION_CONDITIONS = DEBUG;
				SWIFT_OPTIMIZATION_LEVEL = "-Onone";
			};
			name = Debug;
		};
		18D51FD823E2E1C6009E7E59 /* Release */ = {
			isa = XCBuildConfiguration;
			buildSettings = {
				ALWAYS_SEARCH_USER_PATHS = NO;
				CLANG_ANALYZER_NONNULL = YES;
				CLANG_ANALYZER_NUMBER_OBJECT_CONVERSION = YES_AGGRESSIVE;
				CLANG_CXX_LANGUAGE_STANDARD = "gnu++14";
				CLANG_CXX_LIBRARY = "libc++";
				CLANG_ENABLE_MODULES = YES;
				CLANG_ENABLE_OBJC_ARC = YES;
				CLANG_ENABLE_OBJC_WEAK = YES;
				CLANG_WARN_BLOCK_CAPTURE_AUTORELEASING = YES;
				CLANG_WARN_BOOL_CONVERSION = YES;
				CLANG_WARN_COMMA = YES;
				CLANG_WARN_CONSTANT_CONVERSION = YES;
				CLANG_WARN_DEPRECATED_OBJC_IMPLEMENTATIONS = YES;
				CLANG_WARN_DIRECT_OBJC_ISA_USAGE = YES_ERROR;
				CLANG_WARN_DOCUMENTATION_COMMENTS = YES;
				CLANG_WARN_EMPTY_BODY = YES;
				CLANG_WARN_ENUM_CONVERSION = YES;
				CLANG_WARN_INFINITE_RECURSION = YES;
				CLANG_WARN_INT_CONVERSION = YES;
				CLANG_WARN_NON_LITERAL_NULL_CONVERSION = YES;
				CLANG_WARN_OBJC_IMPLICIT_RETAIN_SELF = YES;
				CLANG_WARN_OBJC_LITERAL_CONVERSION = YES;
				CLANG_WARN_OBJC_ROOT_CLASS = YES_ERROR;
				CLANG_WARN_RANGE_LOOP_ANALYSIS = YES;
				CLANG_WARN_STRICT_PROTOTYPES = YES;
				CLANG_WARN_SUSPICIOUS_MOVE = YES;
				CLANG_WARN_UNGUARDED_AVAILABILITY = YES_AGGRESSIVE;
				CLANG_WARN_UNREACHABLE_CODE = YES;
				CLANG_WARN__DUPLICATE_METHOD_MATCH = YES;
				COPY_PHASE_STRIP = NO;
				DEBUG_INFORMATION_FORMAT = "dwarf-with-dsym";
				ENABLE_NS_ASSERTIONS = NO;
				ENABLE_STRICT_OBJC_MSGSEND = YES;
				GCC_C_LANGUAGE_STANDARD = gnu11;
				GCC_NO_COMMON_BLOCKS = YES;
				GCC_WARN_64_TO_32_BIT_CONVERSION = YES;
				GCC_WARN_ABOUT_RETURN_TYPE = YES_ERROR;
				GCC_WARN_UNDECLARED_SELECTOR = YES;
				GCC_WARN_UNINITIALIZED_AUTOS = YES_AGGRESSIVE;
				GCC_WARN_UNUSED_FUNCTION = YES;
				GCC_WARN_UNUSED_VARIABLE = YES;
				IPHONEOS_DEPLOYMENT_TARGET = 13.2;
				MTL_ENABLE_DEBUG_INFO = NO;
				MTL_FAST_MATH = YES;
				SDKROOT = iphoneos;
				SWIFT_COMPILATION_MODE = wholemodule;
				SWIFT_OPTIMIZATION_LEVEL = "-O";
				VALIDATE_PRODUCT = YES;
			};
			name = Release;
		};
		18D51FDA23E2E1C6009E7E59 /* Debug */ = {
			isa = XCBuildConfiguration;
			baseConfigurationReference = 11172BC913819FCC08222E5C /* Pods-Akamofire.debug.xcconfig */;
			buildSettings = {
				ASSETCATALOG_COMPILER_APPICON_NAME = AppIcon;
				CODE_SIGN_STYLE = Automatic;
				INFOPLIST_FILE = Akamofire/Info.plist;
				LD_RUNPATH_SEARCH_PATHS = (
					"$(inherited)",
					"@executable_path/Frameworks",
				);
				PRODUCT_BUNDLE_IDENTIFIER = bit.Akamofire;
				PRODUCT_NAME = "$(TARGET_NAME)";
				SWIFT_VERSION = 5.0;
				TARGETED_DEVICE_FAMILY = "1,2";
			};
			name = Debug;
		};
		18D51FDB23E2E1C6009E7E59 /* Release */ = {
			isa = XCBuildConfiguration;
			baseConfigurationReference = CCF702AD04CD6832C5DE273B /* Pods-Akamofire.release.xcconfig */;
			buildSettings = {
				ASSETCATALOG_COMPILER_APPICON_NAME = AppIcon;
				CODE_SIGN_STYLE = Automatic;
				INFOPLIST_FILE = Akamofire/Info.plist;
				LD_RUNPATH_SEARCH_PATHS = (
					"$(inherited)",
					"@executable_path/Frameworks",
				);
				PRODUCT_BUNDLE_IDENTIFIER = bit.Akamofire;
				PRODUCT_NAME = "$(TARGET_NAME)";
				SWIFT_VERSION = 5.0;
				TARGETED_DEVICE_FAMILY = "1,2";
			};
			name = Release;
		};
/* End XCBuildConfiguration section */

/* Begin XCConfigurationList section */
		18D51FC023E2E1C4009E7E59 /* Build configuration list for PBXProject "Akamofire" */ = {
			isa = XCConfigurationList;
			buildConfigurations = (
				18D51FD723E2E1C6009E7E59 /* Debug */,
				18D51FD823E2E1C6009E7E59 /* Release */,
			);
			defaultConfigurationIsVisible = 0;
			defaultConfigurationName = Release;
		};
		18D51FD923E2E1C6009E7E59 /* Build configuration list for PBXNativeTarget "Akamofire" */ = {
			isa = XCConfigurationList;
			buildConfigurations = (
				18D51FDA23E2E1C6009E7E59 /* Debug */,
				18D51FDB23E2E1C6009E7E59 /* Release */,
			);
			defaultConfigurationIsVisible = 0;
			defaultConfigurationName = Release;
		};
/* End XCConfigurationList section */
	};
	rootObject = 18D51FBD23E2E1C4009E7E59 /* Project object */;
}
